
Microsoft Visual Studio Solution File, Format Version 12.00
# Visual Studio Version 17
VisualStudioVersion = 17.7.34031.279
MinimumVisualStudioVersion = 10.0.40219.1
Project("{FAE04EC0-301F-11D3-BF4B-00C04F79EFBC}") = "Calculator", "Calculator\Calculator.csproj", "{10D5982E-1D21-425A-8878-1F5B43350FB0}"
EndProject
Global
	GlobalSection(SolutionConfigurationPlatforms) = preSolution
		Debug|Any CPU = Debug|Any CPU
		Release|Any CPU = Release|Any CPU
	EndGlobalSection
	GlobalSection(ProjectConfigurationPlatforms) = postSolution
		{10D5982E-1D21-425A-8878-1F5B43350FB0}.Debug|Any CPU.ActiveCfg = Debug|Any CPU
		{10D5982E-1D21-425A-8878-1F5B43350FB0}.Debug|Any CPU.Build.0 = Debug|Any CPU
		{10D5982E-1D21-425A-8878-1F5B43350FB0}.Release|Any CPU.ActiveCfg = Release|Any CPU
		{10D5982E-1D21-425A-8878-1F5B43350FB0}.Release|Any CPU.Build.0 = Release|Any CPU
	EndGlobalSection
	GlobalSection(SolutionProperties) = preSolution
		HideSolutionNode = FALSE
	EndGlobalSection
	GlobalSection(ExtensibilityGlobals) = postSolution
		SolutionGuid = {983D51DF-F023-4965-A5F9-AF8C69C6151B}
	EndGlobalSection
EndGlobal
